{
  "name": "pokemon-1v1-endgame-solver-demo",
  "version": "0.1.0",
  "lockfileVersion": 3,
  "requires": true,
  "packages": {
    "": {
      "name": "pokemon-1v1-endgame-solver-demo",
      "version": "0.1.0",
      "dependencies": {
        "@pkmn/sim": "0.10.11"
      },
      "devDependencies": {
        "@types/node": "^24.13.3",
        "typescript": "^5.9.3"
      },
      "engines": {
        "node": ">=24"
      }
    },
    "node_modules/@pkmn/sets": {
      "version": "5.2.0",
      "resolved": "https://registry.npmjs.org/@pkmn/sets/-/sets-5.2.0.tgz",
      "integrity": "sha512-WHAW6bZu0WCo/3b+LTW7BE0fBhYZnWH1lCXIu2an8/wTiZ/+s1eTcQYj7W/YQKxWT5dm/La03AZ6CeqdJip9CQ==",
      "license": "MIT",
      "dependencies": {
        "@pkmn/types": "^4.0.0"
      }
    },
    "node_modules/@pkmn/sim": {
      "version": "0.10.11",
      "resolved": "https://registry.npmjs.org/@pkmn/sim/-/sim-0.10.11.tgz",
      "integrity": "sha512-v45jqIgFnEB3hc7e97QlWDnfkIef6mfZ0WjWHWw+f21cYyksGVLzxIEulR9xuOazeszA+ycDx6O6B3JOJAS5Xg==",
      "license": "MIT",
      "dependencies": {
        "@pkmn/sets": "^5.2.0",
        "@pkmn/streams": "^1.1.0",
        "ts-chacha20": "^1.2.0"
      }
    },
    "node_modules/@pkmn/streams": {
      "version": "1.1.0",
      "resolved": "https://registry.npmjs.org/@pkmn/streams/-/streams-1.1.0.tgz",
      "integrity": "sha512-Pp9k7gt4xd76DqTU+LQEUyzuaauM4bV1MlehVtX1NS7o9zMFtjw50MfaEQ62dIMZyzxNjsJGoLGBeY1iSYLsRA==",
      "license": "MIT"
    },
    "node_modules/@pkmn/types": {
      "version": "4.0.0",
      "resolved": "https://registry.npmjs.org/@pkmn/types/-/types-4.0.0.tgz",
      "integrity": "sha512-gR2s/pxJYEegek1TtsYCQupNR3d5hMlcJFsiD+2LyfKr4tc+gETTql47tWLX5mFSbPcbXh7f4+7txlMIDoZx/g==",
      "license": "MIT"
    },
    "node_modules/@types/node": {
      "version": "24.13.3",
      "resolved": "https://registry.npmjs.org/@types/node/-/node-24.13.3.tgz",
      "integrity": "sha512-Dh8vAsV36ig5wa9OX4pXvMc9D3Veibfw2wix0CUwYODLD8nkj9UsLjASr49nPg+2eKzxhBV+v7L8pXvT4e639Q==",
      "dev": true,
      "license": "MIT",
      "dependencies": {
        "undici-types": "~7.18.0"
      }
    },
    "node_modules/ts-chacha20": {
      "version": "1.2.0",
      "resolved": "https://registry.npmjs.org/ts-chacha20/-/ts-chacha20-1.2.0.tgz",
      "integrity": "sha512-PTyPoWYHc2we8P2NTn5hpYG211popWbkjiw+k63xqjeMrx9pPtXSclz9F3fu0Tpr+vfR1xxcQFwsEkh1cXMLqw==",
      "license": "MIT"
    },
    "node_modules/typescript": {
      "version": "5.9.3",
      "resolved": "https://registry.npmjs.org/typescript/-/typescript-5.9.3.tgz",
      "integrity": "sha512-jl1vZzPDinLr9eUt3J/t7V6FgNEw9QjvBPdysz9KfQDD41fQrC2Y4vKQdiaUpFT4bXlb1RHhLpp8wtm6M5TgSw==",
      "dev": true,
      "license": "Apache-2.0",
      "bin": {
        "tsc": "bin/tsc",
        "tsserver": "bin/tsserver"
      },
      "engines": {
        "node": ">=14.17"
      }
    },
    "node_modules/undici-types": {
      "version": "7.18.2",
      "resolved": "https://registry.npmjs.org/undici-types/-/undici-types-7.18.2.tgz",
      "integrity": "sha512-AsuCzffGHJybSaRrmr5eHr81mwJU3kjw6M+uprWvCXiNeN9SOGwQ3Jn8jb8m3Z6izVgknn1R0FTCEAP2QrLY/w==",
      "dev": true,
      "license": "MIT"
    }
  }
}
